// !$*UTF8*$!
{
	archiveVersion = 1;
	classes = {
	};
	objectVersion = 46;
	objects = {

/* Begin PBXBuildFile section */
		810C55EE1E1DB81B0009C9A2 /* GameEndViewController.swift in Sources */ = {isa = PBXBuildFile; fileRef = 810C55ED1E1DB81B0009C9A2 /* GameEndViewController.swift */; };
		810C55FC1E2015650009C9A2 /* ButtonGamePreviousQuestionCell.swift in Sources */ = {isa = PBXBuildFile; fileRef = 810C55FB1E2015650009C9A2 /* ButtonGamePreviousQuestionCell.swift */; };
		810EF30D1E14D19D0047AAB7 /* ButtonGamePlayViewController.swift in Sources */ = {isa = PBXBuildFile; fileRef = 810EF30C1E14D19D0047AAB7 /* ButtonGamePlayViewController.swift */; };
		810EF30F1E14D32A0047AAB7 /* ButtonGame.swift in Sources */ = {isa = PBXBuildFile; fileRef = 810EF30E1E14D32A0047AAB7 /* ButtonGame.swift */; };
		810EF3111E160A9D0047AAB7 /* UIViewExtension.swift in Sources */ = {isa = PBXBuildFile; fileRef = 810EF3101E160A9D0047AAB7 /* UIViewExtension.swift */; };
		812C5FFF1D8CD6E7005A6EFD /* TopScoresTableViewCell.swift in Sources */ = {isa = PBXBuildFile; fileRef = 812C5FFE1D8CD6E7005A6EFD /* TopScoresTableViewCell.swift */; };
		8133EA281DB622B200DAECF1 /* User.swift in Sources */ = {isa = PBXBuildFile; fileRef = 8133EA271DB622B200DAECF1 /* User.swift */; };
		81421DA71D710E4D00B6C59F /* ArithmeticGamePreviousQuestionCell.swift in Sources */ = {isa = PBXBuildFile; fileRef = 81421DA61D710E4D00B6C59F /* ArithmeticGamePreviousQuestionCell.swift */; };
		81421DAC1D712B1000B6C59F /* Game.swift in Sources */ = {isa = PBXBuildFile; fileRef = 81421DAB1D712B1000B6C59F /* Game.swift */; };
		81421DAE1D71332A00B6C59F /* AnswerGame.swift in Sources */ = {isa = PBXBuildFile; fileRef = 81421DAD1D71332A00B6C59F /* AnswerGame.swift */; };
		818BD12D1D79215E002FD773 /* AnswerGamePreviousQuestionCell.swift in Sources */ = {isa = PBXBuildFile; fileRef = 818BD12C1D79215E002FD773 /* AnswerGamePreviousQuestionCell.swift */; };
		81A3F1CB1E2A012C004AE70D /* SpotifyTimer.swift in Sources */ = {isa = PBXBuildFile; fileRef = 81A3F1CA1E2A012C004AE70D /* SpotifyTimer.swift */; };
		81AAEA921DCD302600A09CAC /* DragGame.swift in Sources */ = {isa = PBXBuildFile; fileRef = 81AAEA911DCD302600A09CAC /* DragGame.swift */; };
		81AAEA941DCD372D00A09CAC /* DragGamePlayViewController.swift in Sources */ = {isa = PBXBuildFile; fileRef = 81AAEA931DCD372D00A09CAC /* DragGamePlayViewController.swift */; };
		81D990CC1E29E74D00001CC2 /* SpotifyAudioPlayback.framework in Frameworks */ = {isa = PBXBuildFile; fileRef = 81D990C91E29E74D00001CC2 /* SpotifyAudioPlayback.framework */; };
		81D990CD1E29E74D00001CC2 /* SpotifyAuthentication.framework in Frameworks */ = {isa = PBXBuildFile; fileRef = 81D990CA1E29E74D00001CC2 /* SpotifyAuthentication.framework */; };
		81D990CE1E29E74D00001CC2 /* SpotifyMetadata.framework in Frameworks */ = {isa = PBXBuildFile; fileRef = 81D990CB1E29E74D00001CC2 /* SpotifyMetadata.framework */; };
		81D990D01E29E7E000001CC2 /* AVFoundation.framework in Frameworks */ = {isa = PBXBuildFile; fileRef = 81D990CF1E29E7E000001CC2 /* AVFoundation.framework */; };
		81D990D21E29E7E600001CC2 /* SystemConfiguration.framework in Frameworks */ = {isa = PBXBuildFile; fileRef = 81D990D11E29E7E600001CC2 /* SystemConfiguration.framework */; };
		81D990D61E29EA8D00001CC2 /* SpotifyClient.swift in Sources */ = {isa = PBXBuildFile; fileRef = 81D990D51E29EA8D00001CC2 /* SpotifyClient.swift */; };
		81D990D81E29EAF600001CC2 /* Track.swift in Sources */ = {isa = PBXBuildFile; fileRef = 81D990D71E29EAF600001CC2 /* Track.swift */; };
		81D990DA1E29EB1300001CC2 /* Playlist.swift in Sources */ = {isa = PBXBuildFile; fileRef = 81D990D91E29EB1300001CC2 /* Playlist.swift */; };
		81D990DC1E29EB7900001CC2 /* Artist.swift in Sources */ = {isa = PBXBuildFile; fileRef = 81D990DB1E29EB7900001CC2 /* Artist.swift */; };
		81D990DE1E29EB8E00001CC2 /* Album.swift in Sources */ = {isa = PBXBuildFile; fileRef = 81D990DD1E29EB8E00001CC2 /* Album.swift */; };
		81DB7CB31D74D7B300729E80 /* AnswerGamePlayViewController.swift in Sources */ = {isa = PBXBuildFile; fileRef = 81DB7CB21D74D7B300729E80 /* AnswerGamePlayViewController.swift */; };
		9B0FA1AB1D53C11400763A77 /* AppDelegate.swift in Sources */ = {isa = PBXBuildFile; fileRef = 9B0FA1AA1D53C11400763A77 /* AppDelegate.swift */; };
		9B0FA1B01D53C11400763A77 /* Main.storyboard in Resources */ = {isa = PBXBuildFile; fileRef = 9B0FA1AE1D53C11400763A77 /* Main.storyboard */; };
		9B0FA1B31D53C11400763A77 /* arithmetical.xcdatamodeld in Sources */ = {isa = PBXBuildFile; fileRef = 9B0FA1B11D53C11400763A77 /* arithmetical.xcdatamodeld */; };
		9B0FA1B51D53C11400763A77 /* Assets.xcassets in Resources */ = {isa = PBXBuildFile; fileRef = 9B0FA1B41D53C11400763A77 /* Assets.xcassets */; };
		9B0FA1B81D53C11400763A77 /* LaunchScreen.storyboard in Resources */ = {isa = PBXBuildFile; fileRef = 9B0FA1B61D53C11400763A77 /* LaunchScreen.storyboard */; };
		9B0FA1C61D53CFC900763A77 /* SanFranciscoText-Bold.otf in Resources */ = {isa = PBXBuildFile; fileRef = 9B0FA1C01D53CF2700763A77 /* SanFranciscoText-Bold.otf */; };
		9B0FA1C71D53CFC900763A77 /* SanFranciscoText-Heavy.otf in Resources */ = {isa = PBXBuildFile; fileRef = 9B0FA1C11D53CF2700763A77 /* SanFranciscoText-Heavy.otf */; };
		9B0FA1C81D53CFC900763A77 /* SanFranciscoText-Light.otf in Resources */ = {isa = PBXBuildFile; fileRef = 9B0FA1C21D53CF2700763A77 /* SanFranciscoText-Light.otf */; };
		9B0FA1C91D53CFC900763A77 /* SanFranciscoText-Medium.otf in Resources */ = {isa = PBXBuildFile; fileRef = 9B0FA1C31D53CF2700763A77 /* SanFranciscoText-Medium.otf */; };
		9B0FA1CA1D53CFC900763A77 /* SanFranciscoText-Regular.otf in Resources */ = {isa = PBXBuildFile; fileRef = 9B0FA1C41D53CF2700763A77 /* SanFranciscoText-Regular.otf */; };
		9B0FA1CB1D53CFC900763A77 /* SanFranciscoText-Semibold.otf in Resources */ = {isa = PBXBuildFile; fileRef = 9B0FA1C51D53CF2700763A77 /* SanFranciscoText-Semibold.otf */; };
		9B0FA1CD1D53D1DB00763A77 /* PlayViewController.swift in Sources */ = {isa = PBXBuildFile; fileRef = 9B0FA1CC1D53D1DB00763A77 /* PlayViewController.swift */; };
		9B0FA1D01D53D51500763A77 /* MainViewController.swift in Sources */ = {isa = PBXBuildFile; fileRef = 9B0FA1CF1D53D51500763A77 /* MainViewController.swift */; };
		9B0FA1D21D53D54200763A77 /* StatsViewController.swift in Sources */ = {isa = PBXBuildFile; fileRef = 9B0FA1D11D53D54200763A77 /* StatsViewController.swift */; };
		9B0FA1D41D53D54C00763A77 /* SettingsViewController.swift in Sources */ = {isa = PBXBuildFile; fileRef = 9B0FA1D31D53D54C00763A77 /* SettingsViewController.swift */; };
		9B0FA1D71D53D5FE00763A77 /* GameTableViewCell.swift in Sources */ = {isa = PBXBuildFile; fileRef = 9B0FA1D61D53D5FE00763A77 /* GameTableViewCell.swift */; };
		9B0FA1DA1D53DA9200763A77 /* ArithmeticOptionsViewController.swift in Sources */ = {isa = PBXBuildFile; fileRef = 9B0FA1D91D53DA9200763A77 /* ArithmeticOptionsViewController.swift */; };
		9B0FA1DC1D53E5DE00763A77 /* ArithmeticGame.swift in Sources */ = {isa = PBXBuildFile; fileRef = 9B0FA1DB1D53E5DE00763A77 /* ArithmeticGame.swift */; };
		9B0FA1DE1D53E78800763A77 /* Games.swift in Sources */ = {isa = PBXBuildFile; fileRef = 9B0FA1DD1D53E78800763A77 /* Games.swift */; };
		9B0FA1E11D53F0AE00763A77 /* ArithmeticGamePlayViewController.swift in Sources */ = {isa = PBXBuildFile; fileRef = 9B0FA1E01D53F0AE00763A77 /* ArithmeticGamePlayViewController.swift */; };
		D8613EB3229C9435B459FCCC /* Pods_arithmetical.framework in Frameworks */ = {isa = PBXBuildFile; fileRef = 6AB6CCA9DC76B1CF8FD7FE51 /* Pods_arithmetical.framework */; };
/* End PBXBuildFile section */

/* Begin PBXFileReference section */
		1BB6FD783CB9AF774F1BD112 /* Pods-arithmetical.release.xcconfig */ = {isa = PBXFileReference; includeInIndex = 1; lastKnownFileType = text.xcconfig; name = "Pods-arithmetical.release.xcconfig"; path = "Pods/Target Support Files/Pods-arithmetical/Pods-arithmetical.release.xcconfig"; sourceTree = "<group>"; };
		6AB6CCA9DC76B1CF8FD7FE51 /* Pods_arithmetical.framework */ = {isa = PBXFileReference; explicitFileType = wrapper.framework; includeInIndex = 0; path = Pods_arithmetical.framework; sourceTree = BUILT_PRODUCTS_DIR; };
		810C55ED1E1DB81B0009C9A2 /* GameEndViewController.swift */ = {isa = PBXFileReference; fileEncoding = 4; lastKnownFileType = sourcecode.swift; path = GameEndViewController.swift; sourceTree = "<group>"; };
		810C55FB1E2015650009C9A2 /* ButtonGamePreviousQuestionCell.swift */ = {isa = PBXFileReference; fileEncoding = 4; lastKnownFileType = sourcecode.swift; path = ButtonGamePreviousQuestionCell.swift; sourceTree = "<group>"; };
		810EF30C1E14D19D0047AAB7 /* ButtonGamePlayViewController.swift */ = {isa = PBXFileReference; fileEncoding = 4; lastKnownFileType = sourcecode.swift; path = ButtonGamePlayViewController.swift; sourceTree = "<group>"; };
		810EF30E1E14D32A0047AAB7 /* ButtonGame.swift */ = {isa = PBXFileReference; fileEncoding = 4; lastKnownFileType = sourcecode.swift; path = ButtonGame.swift; sourceTree = "<group>"; };
		810EF3101E160A9D0047AAB7 /* UIViewExtension.swift */ = {isa = PBXFileReference; fileEncoding = 4; lastKnownFileType = sourcecode.swift; path = UIViewExtension.swift; sourceTree = "<group>"; };
		812C5FFE1D8CD6E7005A6EFD /* TopScoresTableViewCell.swift */ = {isa = PBXFileReference; fileEncoding = 4; lastKnownFileType = sourcecode.swift; path = TopScoresTableViewCell.swift; sourceTree = "<group>"; };
		8133EA271DB622B200DAECF1 /* User.swift */ = {isa = PBXFileReference; fileEncoding = 4; lastKnownFileType = sourcecode.swift; path = User.swift; sourceTree = "<group>"; };
		81421DA61D710E4D00B6C59F /* ArithmeticGamePreviousQuestionCell.swift */ = {isa = PBXFileReference; fileEncoding = 4; lastKnownFileType = sourcecode.swift; path = ArithmeticGamePreviousQuestionCell.swift; sourceTree = "<group>"; };
		81421DAB1D712B1000B6C59F /* Game.swift */ = {isa = PBXFileReference; fileEncoding = 4; lastKnownFileType = sourcecode.swift; path = Game.swift; sourceTree = "<group>"; };
		81421DAD1D71332A00B6C59F /* AnswerGame.swift */ = {isa = PBXFileReference; fileEncoding = 4; lastKnownFileType = sourcecode.swift; path = AnswerGame.swift; sourceTree = "<group>"; };
		818BD12C1D79215E002FD773 /* AnswerGamePreviousQuestionCell.swift */ = {isa = PBXFileReference; fileEncoding = 4; lastKnownFileType = sourcecode.swift; path = AnswerGamePreviousQuestionCell.swift; sourceTree = "<group>"; };
		81A3F1CA1E2A012C004AE70D /* SpotifyTimer.swift */ = {isa = PBXFileReference; fileEncoding = 4; lastKnownFileType = sourcecode.swift; path = SpotifyTimer.swift; sourceTree = "<group>"; };
		81AAEA911DCD302600A09CAC /* DragGame.swift */ = {isa = PBXFileReference; fileEncoding = 4; lastKnownFileType = sourcecode.swift; path = DragGame.swift; sourceTree = "<group>"; };
		81AAEA931DCD372D00A09CAC /* DragGamePlayViewController.swift */ = {isa = PBXFileReference; fileEncoding = 4; lastKnownFileType = sourcecode.swift; path = DragGamePlayViewController.swift; sourceTree = "<group>"; };
		81D990C91E29E74D00001CC2 /* SpotifyAudioPlayback.framework */ = {isa = PBXFileReference; lastKnownFileType = wrapper.framework; path = SpotifyAudioPlayback.framework; sourceTree = "<group>"; };
		81D990CA1E29E74D00001CC2 /* SpotifyAuthentication.framework */ = {isa = PBXFileReference; lastKnownFileType = wrapper.framework; path = SpotifyAuthentication.framework; sourceTree = "<group>"; };
		81D990CB1E29E74D00001CC2 /* SpotifyMetadata.framework */ = {isa = PBXFileReference; lastKnownFileType = wrapper.framework; path = SpotifyMetadata.framework; sourceTree = "<group>"; };
		81D990CF1E29E7E000001CC2 /* AVFoundation.framework */ = {isa = PBXFileReference; lastKnownFileType = wrapper.framework; name = AVFoundation.framework; path = System/Library/Frameworks/AVFoundation.framework; sourceTree = SDKROOT; };
		81D990D11E29E7E600001CC2 /* SystemConfiguration.framework */ = {isa = PBXFileReference; lastKnownFileType = wrapper.framework; name = SystemConfiguration.framework; path = System/Library/Frameworks/SystemConfiguration.framework; sourceTree = SDKROOT; };
		81D990D31E29E9C100001CC2 /* Spotify-Bridging-Header.h */ = {isa = PBXFileReference; lastKnownFileType = sourcecode.c.h; path = "Spotify-Bridging-Header.h"; sourceTree = "<group>"; };
		81D990D51E29EA8D00001CC2 /* SpotifyClient.swift */ = {isa = PBXFileReference; fileEncoding = 4; lastKnownFileType = sourcecode.swift; path = SpotifyClient.swift; sourceTree = "<group>"; };
		81D990D71E29EAF600001CC2 /* Track.swift */ = {isa = PBXFileReference; fileEncoding = 4; lastKnownFileType = sourcecode.swift; path = Track.swift; sourceTree = "<group>"; };
		81D990D91E29EB1300001CC2 /* Playlist.swift */ = {isa = PBXFileReference; fileEncoding = 4; lastKnownFileType = sourcecode.swift; path = Playlist.swift; sourceTree = "<group>"; };
		81D990DB1E29EB7900001CC2 /* Artist.swift */ = {isa = PBXFileReference; fileEncoding = 4; lastKnownFileType = sourcecode.swift; path = Artist.swift; sourceTree = "<group>"; };
		81D990DD1E29EB8E00001CC2 /* Album.swift */ = {isa = PBXFileReference; fileEncoding = 4; lastKnownFileType = sourcecode.swift; path = Album.swift; sourceTree = "<group>"; };
		81DB7CB21D74D7B300729E80 /* AnswerGamePlayViewController.swift */ = {isa = PBXFileReference; fileEncoding = 4; lastKnownFileType = sourcecode.swift; path = AnswerGamePlayViewController.swift; sourceTree = "<group>"; };
		955CADDC109BF38EABB10376 /* Pods-arithmetical.debug.xcconfig */ = {isa = PBXFileReference; includeInIndex = 1; lastKnownFileType = text.xcconfig; name = "Pods-arithmetical.debug.xcconfig"; path = "Pods/Target Support Files/Pods-arithmetical/Pods-arithmetical.debug.xcconfig"; sourceTree = "<group>"; };
		9B0FA1A71D53C11400763A77 /* arithmetical.app */ = {isa = PBXFileReference; explicitFileType = wrapper.application; includeInIndex = 0; path = arithmetical.app; sourceTree = BUILT_PRODUCTS_DIR; };
		9B0FA1AA1D53C11400763A77 /* AppDelegate.swift */ = {isa = PBXFileReference; lastKnownFileType = sourcecode.swift; path = AppDelegate.swift; sourceTree = "<group>"; };
		9B0FA1AF1D53C11400763A77 /* Base */ = {isa = PBXFileReference; lastKnownFileType = file.storyboard; name = Base; path = Base.lproj/Main.storyboard; sourceTree = "<group>"; };
		9B0FA1B21D53C11400763A77 /* arithmetical.xcdatamodel */ = {isa = PBXFileReference; lastKnownFileType = wrapper.xcdatamodel; path = arithmetical.xcdatamodel; sourceTree = "<group>"; };
		9B0FA1B41D53C11400763A77 /* Assets.xcassets */ = {isa = PBXFileReference; lastKnownFileType = folder.assetcatalog; path = Assets.xcassets; sourceTree = "<group>"; };
		9B0FA1B71D53C11400763A77 /* Base */ = {isa = PBXFileReference; lastKnownFileType = file.storyboard; name = Base; path = Base.lproj/LaunchScreen.storyboard; sourceTree = "<group>"; };
		9B0FA1B91D53C11400763A77 /* Info.plist */ = {isa = PBXFileReference; lastKnownFileType = text.plist.xml; path = Info.plist; sourceTree = "<group>"; };
		9B0FA1C01D53CF2700763A77 /* SanFranciscoText-Bold.otf */ = {isa = PBXFileReference; lastKnownFileType = file; path = "SanFranciscoText-Bold.otf"; sourceTree = "<group>"; };
		9B0FA1C11D53CF2700763A77 /* SanFranciscoText-Heavy.otf */ = {isa = PBXFileReference; lastKnownFileType = file; path = "SanFranciscoText-Heavy.otf"; sourceTree = "<group>"; };
		9B0FA1C21D53CF2700763A77 /* SanFranciscoText-Light.otf */ = {isa = PBXFileReference; lastKnownFileType = file; path = "SanFranciscoText-Light.otf"; sourceTree = "<group>"; };
		9B0FA1C31D53CF2700763A77 /* SanFranciscoText-Medium.otf */ = {isa = PBXFileReference; lastKnownFileType = file; path = "SanFranciscoText-Medium.otf"; sourceTree = "<group>"; };
		9B0FA1C41D53CF2700763A77 /* SanFranciscoText-Regular.otf */ = {isa = PBXFileReference; lastKnownFileType = file; path = "SanFranciscoText-Regular.otf"; sourceTree = "<group>"; };
		9B0FA1C51D53CF2700763A77 /* SanFranciscoText-Semibold.otf */ = {isa = PBXFileReference; lastKnownFileType = file; path = "SanFranciscoText-Semibold.otf"; sourceTree = "<group>"; };
		9B0FA1CC1D53D1DB00763A77 /* PlayViewController.swift */ = {isa = PBXFileReference; fileEncoding = 4; lastKnownFileType = sourcecode.swift; path = PlayViewController.swift; sourceTree = "<group>"; };
		9B0FA1CF1D53D51500763A77 /* MainViewController.swift */ = {isa = PBXFileReference; fileEncoding = 4; lastKnownFileType = sourcecode.swift; path = MainViewController.swift; sourceTree = "<group>"; };
		9B0FA1D11D53D54200763A77 /* StatsViewController.swift */ = {isa = PBXFileReference; fileEncoding = 4; lastKnownFileType = sourcecode.swift; path = StatsViewController.swift; sourceTree = "<group>"; };
		9B0FA1D31D53D54C00763A77 /* SettingsViewController.swift */ = {isa = PBXFileReference; fileEncoding = 4; lastKnownFileType = sourcecode.swift; path = SettingsViewController.swift; sourceTree = "<group>"; };
		9B0FA1D61D53D5FE00763A77 /* GameTableViewCell.swift */ = {isa = PBXFileReference; fileEncoding = 4; lastKnownFileType = sourcecode.swift; path = GameTableViewCell.swift; sourceTree = "<group>"; };
		9B0FA1D91D53DA9200763A77 /* ArithmeticOptionsViewController.swift */ = {isa = PBXFileReference; fileEncoding = 4; lastKnownFileType = sourcecode.swift; path = ArithmeticOptionsViewController.swift; sourceTree = "<group>"; };
		9B0FA1DB1D53E5DE00763A77 /* ArithmeticGame.swift */ = {isa = PBXFileReference; fileEncoding = 4; lastKnownFileType = sourcecode.swift; path = ArithmeticGame.swift; sourceTree = "<group>"; };
		9B0FA1DD1D53E78800763A77 /* Games.swift */ = {isa = PBXFileReference; fileEncoding = 4; lastKnownFileType = sourcecode.swift; path = Games.swift; sourceTree = "<group>"; };
		9B0FA1E01D53F0AE00763A77 /* ArithmeticGamePlayViewController.swift */ = {isa = PBXFileReference; fileEncoding = 4; lastKnownFileType = sourcecode.swift; path = ArithmeticGamePlayViewController.swift; sourceTree = "<group>"; };
/* End PBXFileReference section */

/* Begin PBXFrameworksBuildPhase section */
		9B0FA1A41D53C11400763A77 /* Frameworks */ = {
			isa = PBXFrameworksBuildPhase;
			buildActionMask = 2147483647;
			files = (
				81D990D21E29E7E600001CC2 /* SystemConfiguration.framework in Frameworks */,
				81D990D01E29E7E000001CC2 /* AVFoundation.framework in Frameworks */,
				81D990CE1E29E74D00001CC2 /* SpotifyMetadata.framework in Frameworks */,
				D8613EB3229C9435B459FCCC /* Pods_arithmetical.framework in Frameworks */,
				81D990CD1E29E74D00001CC2 /* SpotifyAuthentication.framework in Frameworks */,
				81D990CC1E29E74D00001CC2 /* SpotifyAudioPlayback.framework in Frameworks */,
			);
			runOnlyForDeploymentPostprocessing = 0;
		};
/* End PBXFrameworksBuildPhase section */

/* Begin PBXGroup section */
		041C299E8689B1E7B512D059 /* Pods */ = {
			isa = PBXGroup;
			children = (
				955CADDC109BF38EABB10376 /* Pods-arithmetical.debug.xcconfig */,
				1BB6FD783CB9AF774F1BD112 /* Pods-arithmetical.release.xcconfig */,
			);
			name = Pods;
			sourceTree = "<group>";
		};
		81421DA81D710E5C00B6C59F /* Data Models */ = {
			isa = PBXGroup;
			children = (
				9B0FA1DD1D53E78800763A77 /* Games.swift */,
				81421DAB1D712B1000B6C59F /* Game.swift */,
				81AAEA911DCD302600A09CAC /* DragGame.swift */,
				9B0FA1DB1D53E5DE00763A77 /* ArithmeticGame.swift */,
				81421DAD1D71332A00B6C59F /* AnswerGame.swift */,
				810EF30E1E14D32A0047AAB7 /* ButtonGame.swift */,
				8133EA271DB622B200DAECF1 /* User.swift */,
			);
			name = "Data Models";
			sourceTree = "<group>";
		};
		81D990D41E29EA5300001CC2 /* Spotify */ = {
			isa = PBXGroup;
			children = (
				81D990D51E29EA8D00001CC2 /* SpotifyClient.swift */,
				81A3F1CA1E2A012C004AE70D /* SpotifyTimer.swift */,
				81D990D71E29EAF600001CC2 /* Track.swift */,
				81D990D91E29EB1300001CC2 /* Playlist.swift */,
				81D990DB1E29EB7900001CC2 /* Artist.swift */,
				81D990DD1E29EB8E00001CC2 /* Album.swift */,
			);
			name = Spotify;
			sourceTree = "<group>";
		};
		98A7E7AC4FD5CE56AABA4397 /* Frameworks */ = {
			isa = PBXGroup;
			children = (
				81D990D11E29E7E600001CC2 /* SystemConfiguration.framework */,
				81D990CF1E29E7E000001CC2 /* AVFoundation.framework */,
				81D990C91E29E74D00001CC2 /* SpotifyAudioPlayback.framework */,
				81D990CA1E29E74D00001CC2 /* SpotifyAuthentication.framework */,
				81D990CB1E29E74D00001CC2 /* SpotifyMetadata.framework */,
				6AB6CCA9DC76B1CF8FD7FE51 /* Pods_arithmetical.framework */,
			);
			name = Frameworks;
			sourceTree = "<group>";
		};
		9B0FA19E1D53C11400763A77 = {
			isa = PBXGroup;
			children = (
				9B0FA1A91D53C11400763A77 /* arithmetical */,
				9B0FA1A81D53C11400763A77 /* Products */,
				041C299E8689B1E7B512D059 /* Pods */,
				98A7E7AC4FD5CE56AABA4397 /* Frameworks */,
			);
			sourceTree = "<group>";
		};
		9B0FA1A81D53C11400763A77 /* Products */ = {
			isa = PBXGroup;
			children = (
				9B0FA1A71D53C11400763A77 /* arithmetical.app */,
			);
			name = Products;
			sourceTree = "<group>";
		};
		9B0FA1A91D53C11400763A77 /* arithmetical */ = {
			isa = PBXGroup;
			children = (
				81D990D41E29EA5300001CC2 /* Spotify */,
				81421DA81D710E5C00B6C59F /* Data Models */,
				9B0FA1CE1D53D4E700763A77 /* Main Options */,
				9B0FA1D51D53D5DE00763A77 /* Views */,
				9B0FA1DF1D53F09200763A77 /* Game Play */,
				9B0FA1AA1D53C11400763A77 /* AppDelegate.swift */,
				9B0FA1BF1D53CF0500763A77 /* Resources */,
				9B0FA1AE1D53C11400763A77 /* Main.storyboard */,
				9B0FA1B61D53C11400763A77 /* LaunchScreen.storyboard */,
				9B0FA1B41D53C11400763A77 /* Assets.xcassets */,
				9B0FA1B91D53C11400763A77 /* Info.plist */,
				9B0FA1B11D53C11400763A77 /* arithmetical.xcdatamodeld */,
				81D990D31E29E9C100001CC2 /* Spotify-Bridging-Header.h */,
			);
			path = arithmetical;
			sourceTree = "<group>";
		};
		9B0FA1BF1D53CF0500763A77 /* Resources */ = {
			isa = PBXGroup;
			children = (
				9B0FA1C01D53CF2700763A77 /* SanFranciscoText-Bold.otf */,
				9B0FA1C11D53CF2700763A77 /* SanFranciscoText-Heavy.otf */,
				9B0FA1C21D53CF2700763A77 /* SanFranciscoText-Light.otf */,
				9B0FA1C31D53CF2700763A77 /* SanFranciscoText-Medium.otf */,
				9B0FA1C41D53CF2700763A77 /* SanFranciscoText-Regular.otf */,
				9B0FA1C51D53CF2700763A77 /* SanFranciscoText-Semibold.otf */,
				810EF3101E160A9D0047AAB7 /* UIViewExtension.swift */,
			);
			name = Resources;
			sourceTree = "<group>";
		};
		9B0FA1CE1D53D4E700763A77 /* Main Options */ = {
			isa = PBXGroup;
			children = (
				9B0FA1CF1D53D51500763A77 /* MainViewController.swift */,
				9B0FA1CC1D53D1DB00763A77 /* PlayViewController.swift */,
				9B0FA1D11D53D54200763A77 /* StatsViewController.swift */,
				9B0FA1D31D53D54C00763A77 /* SettingsViewController.swift */,
				9B0FA1D81D53DA7100763A77 /* Game Options */,
			);
			name = "Main Options";
			sourceTree = "<group>";
		};
		9B0FA1D51D53D5DE00763A77 /* Views */ = {
			isa = PBXGroup;
			children = (
				9B0FA1D61D53D5FE00763A77 /* GameTableViewCell.swift */,
				81421DA61D710E4D00B6C59F /* ArithmeticGamePreviousQuestionCell.swift */,
				818BD12C1D79215E002FD773 /* AnswerGamePreviousQuestionCell.swift */,
				812C5FFE1D8CD6E7005A6EFD /* TopScoresTableViewCell.swift */,
				810C55FB1E2015650009C9A2 /* ButtonGamePreviousQuestionCell.swift */,
			);
			name = Views;
			sourceTree = "<group>";
		};
		9B0FA1D81D53DA7100763A77 /* Game Options */ = {
			isa = PBXGroup;
			children = (
				9B0FA1D91D53DA9200763A77 /* ArithmeticOptionsViewController.swift */,
			);
			name = "Game Options";
			sourceTree = "<group>";
		};
		9B0FA1DF1D53F09200763A77 /* Game Play */ = {
			isa = PBXGroup;
			children = (
				9B0FA1E01D53F0AE00763A77 /* ArithmeticGamePlayViewController.swift */,
				81AAEA931DCD372D00A09CAC /* DragGamePlayViewController.swift */,
				81DB7CB21D74D7B300729E80 /* AnswerGamePlayViewController.swift */,
				810EF30C1E14D19D0047AAB7 /* ButtonGamePlayViewController.swift */,
				810C55ED1E1DB81B0009C9A2 /* GameEndViewController.swift */,
			);
			name = "Game Play";
			sourceTree = "<group>";
		};
/* End PBXGroup section */

/* Begin PBXNativeTarget section */
		9B0FA1A61D53C11400763A77 /* arithmetical */ = {
			isa = PBXNativeTarget;
			buildConfigurationList = 9B0FA1BC1D53C11400763A77 /* Build configuration list for PBXNativeTarget "arithmetical" */;
			buildPhases = (
				84D6A7DE1755A3896115F5A5 /* [CP] Check Pods Manifest.lock */,
				9B0FA1A31D53C11400763A77 /* Sources */,
				9B0FA1A41D53C11400763A77 /* Frameworks */,
				9B0FA1A51D53C11400763A77 /* Resources */,
				63327E1749947FF27EF623ED /* [CP] Embed Pods Frameworks */,
				38BB5CED9A2EDBAE45F2002D /* [CP] Copy Pods Resources */,
			);
			buildRules = (
			);
			dependencies = (
			);
			name = arithmetical;
			productName = arithmetical;
			productReference = 9B0FA1A71D53C11400763A77 /* arithmetical.app */;
			productType = "com.apple.product-type.application";
		};
/* End PBXNativeTarget section */

/* Begin PBXProject section */
		9B0FA19F1D53C11400763A77 /* Project object */ = {
			isa = PBXProject;
			attributes = {
				LastSwiftUpdateCheck = 0730;
				LastUpgradeCheck = 0800;
				ORGANIZATIONNAME = "Sandoval Software";
				TargetAttributes = {
					9B0FA1A61D53C11400763A77 = {
						CreatedOnToolsVersion = 7.3.1;
						DevelopmentTeam = 5RW24DE8R9;
						LastSwiftMigration = 0800;
					};
				};
			};
			buildConfigurationList = 9B0FA1A21D53C11400763A77 /* Build configuration list for PBXProject "arithmetical" */;
			compatibilityVersion = "Xcode 3.2";
			developmentRegion = English;
			hasScannedForEncodings = 0;
			knownRegions = (
				en,
				Base,
			);
			mainGroup = 9B0FA19E1D53C11400763A77;
			productRefGroup = 9B0FA1A81D53C11400763A77 /* Products */;
			projectDirPath = "";
			projectRoot = "";
			targets = (
				9B0FA1A61D53C11400763A77 /* arithmetical */,
			);
		};
/* End PBXProject section */

/* Begin PBXResourcesBuildPhase section */
		9B0FA1A51D53C11400763A77 /* Resources */ = {
			isa = PBXResourcesBuildPhase;
			buildActionMask = 2147483647;
			files = (
				9B0FA1C61D53CFC900763A77 /* SanFranciscoText-Bold.otf in Resources */,
				9B0FA1C71D53CFC900763A77 /* SanFranciscoText-Heavy.otf in Resources */,
				9B0FA1C81D53CFC900763A77 /* SanFranciscoText-Light.otf in Resources */,
				9B0FA1C91D53CFC900763A77 /* SanFranciscoText-Medium.otf in Resources */,
				9B0FA1CA1D53CFC900763A77 /* SanFranciscoText-Regular.otf in Resources */,
				9B0FA1CB1D53CFC900763A77 /* SanFranciscoText-Semibold.otf in Resources */,
				9B0FA1B81D53C11400763A77 /* LaunchScreen.storyboard in Resources */,
				9B0FA1B51D53C11400763A77 /* Assets.xcassets in Resources */,
				9B0FA1B01D53C11400763A77 /* Main.storyboard in Resources */,
			);
			runOnlyForDeploymentPostprocessing = 0;
		};
/* End PBXResourcesBuildPhase section */

/* Begin PBXShellScriptBuildPhase section */
		38BB5CED9A2EDBAE45F2002D /* [CP] Copy Pods Resources */ = {
			isa = PBXShellScriptBuildPhase;
			buildActionMask = 2147483647;
			files = (
			);
			inputPaths = (
			);
			name = "[CP] Copy Pods Resources";
			outputPaths = (
			);
			runOnlyForDeploymentPostprocessing = 0;
			shellPath = /bin/sh;
			shellScript = "\"${SRCROOT}/Pods/Target Support Files/Pods-arithmetical/Pods-arithmetical-resources.sh\"\n";
			showEnvVarsInLog = 0;
		};
		63327E1749947FF27EF623ED /* [CP] Embed Pods Frameworks */ = {
			isa = PBXShellScriptBuildPhase;
			buildActionMask = 2147483647;
			files = (
			);
			inputPaths = (
			);
			name = "[CP] Embed Pods Frameworks";
			outputPaths = (
			);
			runOnlyForDeploymentPostprocessing = 0;
			shellPath = /bin/sh;
			shellScript = "\"${SRCROOT}/Pods/Target Support Files/Pods-arithmetical/Pods-arithmetical-frameworks.sh\"\n";
			showEnvVarsInLog = 0;
		};
		84D6A7DE1755A3896115F5A5 /* [CP] Check Pods Manifest.lock */ = {
			isa = PBXShellScriptBuildPhase;
			buildActionMask = 2147483647;
			files = (
			);
			inputPaths = (
			);
			name = "[CP] Check Pods Manifest.lock";
			outputPaths = (
			);
			runOnlyForDeploymentPostprocessing = 0;
			shellPath = /bin/sh;
			shellScript = "diff \"${PODS_ROOT}/../Podfile.lock\" \"${PODS_ROOT}/Manifest.lock\" > /dev/null\nif [ $? != 0 ] ; then\n    # print error to STDERR\n    echo \"error: The sandbox is not in sync with the Podfile.lock. Run 'pod install' or update your CocoaPods installation.\" >&2\n    exit 1\nfi\n";
			showEnvVarsInLog = 0;
		};
/* End PBXShellScriptBuildPhase section */

/* Begin PBXSourcesBuildPhase section */
		9B0FA1A31D53C11400763A77 /* Sources */ = {
			isa = PBXSourcesBuildPhase;
			buildActionMask = 2147483647;
			files = (
				81AAEA941DCD372D00A09CAC /* DragGamePlayViewController.swift in Sources */,
				9B0FA1D71D53D5FE00763A77 /* GameTableViewCell.swift in Sources */,
				9B0FA1DC1D53E5DE00763A77 /* ArithmeticGame.swift in Sources */,
				81D990DA1E29EB1300001CC2 /* Playlist.swift in Sources */,
				81D990DC1E29EB7900001CC2 /* Artist.swift in Sources */,
				81421DAE1D71332A00B6C59F /* AnswerGame.swift in Sources */,
				9B0FA1CD1D53D1DB00763A77 /* PlayViewController.swift in Sources */,
				9B0FA1DE1D53E78800763A77 /* Games.swift in Sources */,
				810C55EE1E1DB81B0009C9A2 /* GameEndViewController.swift in Sources */,
				9B0FA1B31D53C11400763A77 /* arithmetical.xcdatamodeld in Sources */,
				9B0FA1E11D53F0AE00763A77 /* ArithmeticGamePlayViewController.swift in Sources */,
				818BD12D1D79215E002FD773 /* AnswerGamePreviousQuestionCell.swift in Sources */,
				8133EA281DB622B200DAECF1 /* User.swift in Sources */,
				81AAEA921DCD302600A09CAC /* DragGame.swift in Sources */,
				810C55FC1E2015650009C9A2 /* ButtonGamePreviousQuestionCell.swift in Sources */,
				9B0FA1AB1D53C11400763A77 /* AppDelegate.swift in Sources */,
				81D990D81E29EAF600001CC2 /* Track.swift in Sources */,
				9B0FA1D21D53D54200763A77 /* StatsViewController.swift in Sources */,
				81421DAC1D712B1000B6C59F /* Game.swift in Sources */,
				9B0FA1DA1D53DA9200763A77 /* ArithmeticOptionsViewController.swift in Sources */,
				810EF30F1E14D32A0047AAB7 /* ButtonGame.swift in Sources */,
				812C5FFF1D8CD6E7005A6EFD /* TopScoresTableViewCell.swift in Sources */,
				81DB7CB31D74D7B300729E80 /* AnswerGamePlayViewController.swift in Sources */,
				810EF3111E160A9D0047AAB7 /* UIViewExtension.swift in Sources */,
				9B0FA1D01D53D51500763A77 /* MainViewController.swift in Sources */,
				810EF30D1E14D19D0047AAB7 /* ButtonGamePlayViewController.swift in Sources */,
				81D990D61E29EA8D00001CC2 /* SpotifyClient.swift in Sources */,
				81421DA71D710E4D00B6C59F /* ArithmeticGamePreviousQuestionCell.swift in Sources */,
				9B0FA1D41D53D54C00763A77 /* SettingsViewController.swift in Sources */,
				81D990DE1E29EB8E00001CC2 /* Album.swift in Sources */,
				81A3F1CB1E2A012C004AE70D /* SpotifyTimer.swift in Sources */,
			);
			runOnlyForDeploymentPostprocessing = 0;
		};
/* End PBXSourcesBuildPhase section */

/* Begin PBXVariantGroup section */
		9B0FA1AE1D53C11400763A77 /* Main.storyboard */ = {
			isa = PBXVariantGroup;
			children = (
				9B0FA1AF1D53C11400763A77 /* Base */,
			);
			name = Main.storyboard;
			sourceTree = "<group>";
		};
		9B0FA1B61D53C11400763A77 /* LaunchScreen.storyboard */ = {
			isa = PBXVariantGroup;
			children = (
				9B0FA1B71D53C11400763A77 /* Base */,
			);
			name = LaunchScreen.storyboard;
			sourceTree = "<group>";
		};
/* End PBXVariantGroup section */

/* Begin XCBuildConfiguration section */
		9B0FA1BA1D53C11400763A77 /* Debug */ = {
			isa = XCBuildConfiguration;
			buildSettings = {
				ALWAYS_SEARCH_USER_PATHS = NO;
				CLANG_ANALYZER_NONNULL = YES;
				CLANG_CXX_LANGUAGE_STANDARD = "gnu++0x";
				CLANG_CXX_LIBRARY = "libc++";
				CLANG_ENABLE_MODULES = YES;
				CLANG_ENABLE_OBJC_ARC = YES;
				CLANG_WARN_BOOL_CONVERSION = YES;
				CLANG_WARN_CONSTANT_CONVERSION = YES;
				CLANG_WARN_DIRECT_OBJC_ISA_USAGE = YES_ERROR;
				CLANG_WARN_EMPTY_BODY = YES;
				CLANG_WARN_ENUM_CONVERSION = YES;
				CLANG_WARN_INFINITE_RECURSION = YES;
				CLANG_WARN_INT_CONVERSION = YES;
				CLANG_WARN_OBJC_ROOT_CLASS = YES_ERROR;
				CLANG_WARN_SUSPICIOUS_MOVE = YES;
				CLANG_WARN_UNREACHABLE_CODE = YES;
				CLANG_WARN__DUPLICATE_METHOD_MATCH = YES;
				"CODE_SIGN_IDENTITY[sdk=iphoneos*]" = "iPhone Developer";
				COPY_PHASE_STRIP = NO;
				DEBUG_INFORMATION_FORMAT = dwarf;
				ENABLE_STRICT_OBJC_MSGSEND = YES;
				ENABLE_TESTABILITY = YES;
				GCC_C_LANGUAGE_STANDARD = gnu99;
				GCC_DYNAMIC_NO_PIC = NO;
				GCC_NO_COMMON_BLOCKS = YES;
				GCC_OPTIMIZATION_LEVEL = 0;
				GCC_PREPROCESSOR_DEFINITIONS = (
					"DEBUG=1",
					"$(inherited)",
				);
				GCC_WARN_64_TO_32_BIT_CONVERSION = YES;
				GCC_WARN_ABOUT_RETURN_TYPE = YES_ERROR;
				GCC_WARN_UNDECLARED_SELECTOR = YES;
				GCC_WARN_UNINITIALIZED_AUTOS = YES_AGGRESSIVE;
				GCC_WARN_UNUSED_FUNCTION = YES;
				GCC_WARN_UNUSED_VARIABLE = YES;
				IPHONEOS_DEPLOYMENT_TARGET = 9.3;
				MTL_ENABLE_DEBUG_INFO = YES;
				ONLY_ACTIVE_ARCH = YES;
				SDKROOT = iphoneos;
				SWIFT_OPTIMIZATION_LEVEL = "-Onone";
			};
			name = Debug;
		};
		9B0FA1BB1D53C11400763A77 /* Release */ = {
			isa = XCBuildConfiguration;
			buildSettings = {
				ALWAYS_SEARCH_USER_PATHS = NO;
				CLANG_ANALYZER_NONNULL = YES;
				CLANG_CXX_LANGUAGE_STANDARD = "gnu++0x";
				CLANG_CXX_LIBRARY = "libc++";
				CLANG_ENABLE_MODULES = YES;
				CLANG_ENABLE_OBJC_ARC = YES;
				CLANG_WARN_BOOL_CONVERSION = YES;
				CLANG_WARN_CONSTANT_CONVERSION = YES;
				CLANG_WARN_DIRECT_OBJC_ISA_USAGE = YES_ERROR;
				CLANG_WARN_EMPTY_BODY = YES;
				CLANG_WARN_ENUM_CONVERSION = YES;
				CLANG_WARN_INFINITE_RECURSION = YES;
				CLANG_WARN_INT_CONVERSION = YES;
				CLANG_WARN_OBJC_ROOT_CLASS = YES_ERROR;
				CLANG_WARN_SUSPICIOUS_MOVE = YES;
				CLANG_WARN_UNREACHABLE_CODE = YES;
				CLANG_WARN__DUPLICATE_METHOD_MATCH = YES;
				"CODE_SIGN_IDENTITY[sdk=iphoneos*]" = "iPhone Developer";
				COPY_PHASE_STRIP = NO;
				DEBUG_INFORMATION_FORMAT = "dwarf-with-dsym";
				ENABLE_NS_ASSERTIONS = NO;
				ENABLE_STRICT_OBJC_MSGSEND = YES;
				GCC_C_LANGUAGE_STANDARD = gnu99;
				GCC_NO_COMMON_BLOCKS = YES;
				GCC_WARN_64_TO_32_BIT_CONVERSION = YES;
				GCC_WARN_ABOUT_RETURN_TYPE = YES_ERROR;
				GCC_WARN_UNDECLARED_SELECTOR = YES;
				GCC_WARN_UNINITIALIZED_AUTOS = YES_AGGRESSIVE;
				GCC_WARN_UNUSED_FUNCTION = YES;
				GCC_WARN_UNUSED_VARIABLE = YES;
				IPHONEOS_DEPLOYMENT_TARGET = 9.3;
				MTL_ENABLE_DEBUG_INFO = NO;
				SDKROOT = iphoneos;
				SWIFT_OPTIMIZATION_LEVEL = "-Owholemodule";
				VALIDATE_PRODUCT = YES;
			};
			name = Release;
		};
		9B0FA1BD1D53C11400763A77 /* Debug */ = {
			isa = XCBuildConfiguration;
			baseConfigurationReference = 955CADDC109BF38EABB10376 /* Pods-arithmetical.debug.xcconfig */;
			buildSettings = {
				ASSETCATALOG_COMPILER_APPICON_NAME = AppIcon;
				CODE_SIGN_IDENTITY = "iPhone Developer";
				"CODE_SIGN_IDENTITY[sdk=iphoneos*]" = "iPhone Developer";
				DEVELOPMENT_TEAM = 5RW24DE8R9;
				FRAMEWORK_SEARCH_PATHS = (
					"$(inherited)",
					"$(PROJECT_DIR)",
				);
				INFOPLIST_FILE = arithmetical/Info.plist;
				LD_RUNPATH_SEARCH_PATHS = "$(inherited) @executable_path/Frameworks";
				OTHER_LDFLAGS = "-ObjC";
				PRODUCT_BUNDLE_IDENTIFIER = com.sandoval.arithmetical;
				PRODUCT_NAME = "$(TARGET_NAME)";
				PROVISIONING_PROFILE = "";
				SWIFT_OBJC_BRIDGING_HEADER = "arithmetical/Spotify-Bridging-Header.h";
				SWIFT_VERSION = 3.0;
			};
			name = Debug;
		};
		9B0FA1BE1D53C11400763A77 /* Release */ = {
			isa = XCBuildConfiguration;
			baseConfigurationReference = 1BB6FD783CB9AF774F1BD112 /* Pods-arithmetical.release.xcconfig */;
			buildSettings = {
				ASSETCATALOG_COMPILER_APPICON_NAME = AppIcon;
				CODE_SIGN_IDENTITY = "iPhone Developer";
				"CODE_SIGN_IDENTITY[sdk=iphoneos*]" = "iPhone Developer";
				DEVELOPMENT_TEAM = 5RW24DE8R9;
				FRAMEWORK_SEARCH_PATHS = (
					"$(inherited)",
					"$(PROJECT_DIR)",
				);
				INFOPLIST_FILE = arithmetical/Info.plist;
				LD_RUNPATH_SEARCH_PATHS = "$(inherited) @executable_path/Frameworks";
				OTHER_LDFLAGS = "-ObjC";
				PRODUCT_BUNDLE_IDENTIFIER = com.sandoval.arithmetical;
				PRODUCT_NAME = "$(TARGET_NAME)";
				PROVISIONING_PROFILE = "";
				SWIFT_OBJC_BRIDGING_HEADER = "arithmetical/Spotify-Bridging-Header.h";
				SWIFT_VERSION = 3.0;
			};
			name = Release;
		};
/* End XCBuildConfiguration section */

/* Begin XCConfigurationList section */
		9B0FA1A21D53C11400763A77 /* Build configuration list for PBXProject "arithmetical" */ = {
			isa = XCConfigurationList;
			buildConfigurations = (
				9B0FA1BA1D53C11400763A77 /* Debug */,
				9B0FA1BB1D53C11400763A77 /* Release */,
			);
			defaultConfigurationIsVisible = 0;
			defaultConfigurationName = Release;
		};
		9B0FA1BC1D53C11400763A77 /* Build configuration list for PBXNativeTarget "arithmetical" */ = {
			isa = XCConfigurationList;
			buildConfigurations = (
				9B0FA1BD1D53C11400763A77 /* Debug */,
				9B0FA1BE1D53C11400763A77 /* Release */,
			);
			defaultConfigurationIsVisible = 0;
			defaultConfigurationName = Release;
		};
/* End XCConfigurationList section */

/* Begin XCVersionGroup section */
		9B0FA1B11D53C11400763A77 /* arithmetical.xcdatamodeld */ = {
			isa = XCVersionGroup;
			children = (
				9B0FA1B21D53C11400763A77 /* arithmetical.xcdatamodel */,
			);
			currentVersion = 9B0FA1B21D53C11400763A77 /* arithmetical.xcdatamodel */;
			path = arithmetical.xcdatamodeld;
			sourceTree = "<group>";
			versionGroupType = wrapper.xcdatamodel;
		};
/* End XCVersionGroup section */
	};
	rootObject = 9B0FA19F1D53C11400763A77 /* Project object */;
}
