// !$*UTF8*$!
{
	archiveVersion = 1;
	classes = {
	};
	objectVersion = 46;
	objects = {

/* Begin PBXBuildFile section */
		9B0FA1AB1D53C11400763A77 /* AppDelegate.swift in Sources */ = {isa = PBXBuildFile; fileRef = 9B0FA1AA1D53C11400763A77 /* AppDelegate.swift */; };
		9B0FA1AD1D53C11400763A77 /* ViewController.swift in Sources */ = {isa = PBXBuildFile; fileRef = 9B0FA1AC1D53C11400763A77 /* ViewController.swift */; };
		9B0FA1B01D53C11400763A77 /* Main.storyboard in Resources */ = {isa = PBXBuildFile; fileRef = 9B0FA1AE1D53C11400763A77 /* Main.storyboard */; };
		9B0FA1B31D53C11400763A77 /* arithmetical.xcdatamodeld in Sources */ = {isa = PBXBuildFile; fileRef = 9B0FA1B11D53C11400763A77 /* arithmetical.xcdatamodeld */; };
		9B0FA1B51D53C11400763A77 /* Assets.xcassets in Resources */ = {isa = PBXBuildFile; fileRef = 9B0FA1B41D53C11400763A77 /* Assets.xcassets */; };
		9B0FA1B81D53C11400763A77 /* LaunchScreen.storyboard in Resources */ = {isa = PBXBuildFile; fileRef = 9B0FA1B61D53C11400763A77 /* LaunchScreen.storyboard */; };
/* End PBXBuildFile section */

/* Begin PBXFileReference section */
		9B0FA1A71D53C11400763A77 /* arithmetical.app */ = {isa = PBXFileReference; explicitFileType = wrapper.application; includeInIndex = 0; path = arithmetical.app; sourceTree = BUILT_PRODUCTS_DIR; };
		9B0FA1AA1D53C11400763A77 /* AppDelegate.swift */ = {isa = PBXFileReference; lastKnownFileType = sourcecode.swift; path = AppDelegate.swift; sourceTree = "<group>"; };
		9B0FA1AC1D53C11400763A77 /* ViewController.swift */ = {isa = PBXFileReference; lastKnownFileType = sourcecode.swift; path = ViewController.swift; sourceTree = "<group>"; };
		9B0FA1AF1D53C11400763A77 /* Base */ = {isa = PBXFileReference; lastKnownFileType = file.storyboard; name = Base; path = Base.lproj/Main.storyboard; sourceTree = "<group>"; };
		9B0FA1B21D53C11400763A77 /* arithmetical.xcdatamodel */ = {isa = PBXFileReference; lastKnownFileType = wrapper.xcdatamodel; path = arithmetical.xcdatamodel; sourceTree = "<group>"; };
		9B0FA1B41D53C11400763A77 /* Assets.xcassets */ = {isa = PBXFileReference; lastKnownFileType = folder.assetcatalog; path = Assets.xcassets; sourceTree = "<group>"; };
		9B0FA1B71D53C11400763A77 /* Base */ = {isa = PBXFileReference; lastKnownFileType = file.storyboard; name = Base; path = Base.lproj/LaunchScreen.storyboard; sourceTree = "<group>"; };
		9B0FA1B91D53C11400763A77 /* Info.plist */ = {isa = PBXFileReference; lastKnownFileType = text.plist.xml; path = Info.plist; sourceTree = "<group>"; };
/* End PBXFileReference section */

/* Begin PBXFrameworksBuildPhase section */
		9B0FA1A41D53C11400763A77 /* Frameworks */ = {
			isa = PBXFrameworksBuildPhase;
			buildActionMask = 2147483647;
			files = (
			);
			runOnlyForDeploymentPostprocessing = 0;
		};
/* End PBXFrameworksBuildPhase section */

/* Begin PBXGroup section */
		9B0FA19E1D53C11400763A77 = {
			isa = PBXGroup;
			children = (
				9B0FA1A91D53C11400763A77 /* arithmetical */,
				9B0FA1A81D53C11400763A77 /* Products */,
			);
			sourceTree = "<group>";
		};
		9B0FA1A81D53C11400763A77 /* Products */ = {
			isa = PBXGroup;
			children = (
				9B0FA1A71D53C11400763A77 /* arithmetical.app */,
			);
			name = Products;
			sourceTree = "<group>";
		};
		9B0FA1A91D53C11400763A77 /* arithmetical */ = {
			isa = PBXGroup;
			children = (
				9B0FA1AA1D53C11400763A77 /* AppDelegate.swift */,
				9B0FA1AC1D53C11400763A77 /* ViewController.swift */,
				9B0FA1AE1D53C11400763A77 /* Main.storyboard */,
				9B0FA1B41D53C11400763A77 /* Assets.xcassets */,
				9B0FA1B61D53C11400763A77 /* LaunchScreen.storyboard */,
				9B0FA1B91D53C11400763A77 /* Info.plist */,
				9B0FA1B11D53C11400763A77 /* arithmetical.xcdatamodeld */,
			);
			path = arithmetical;
			sourceTree = "<group>";
		};
/* End PBXGroup section */

/* Begin PBXNativeTarget section */
		9B0FA1A61D53C11400763A77 /* arithmetical */ = {
			isa = PBXNativeTarget;
			buildConfigurationList = 9B0FA1BC1D53C11400763A77 /* Build configuration list for PBXNativeTarget "arithmetical" */;
			buildPhases = (
				9B0FA1A31D53C11400763A77 /* Sources */,
				9B0FA1A41D53C11400763A77 /* Frameworks */,
				9B0FA1A51D53C11400763A77 /* Resources */,
			);
			buildRules = (
			);
			dependencies = (
			);
			name = arithmetical;
			productName = arithmetical;
			productReference = 9B0FA1A71D53C11400763A77 /* arithmetical.app */;
			productType = "com.apple.product-type.application";
		};
/* End PBXNativeTarget section */

/* Begin PBXProject section */
		9B0FA19F1D53C11400763A77 /* Project object */ = {
			isa = PBXProject;
			attributes = {
				LastSwiftUpdateCheck = 0730;
				LastUpgradeCheck = 0730;
				ORGANIZATIONNAME = "Sandoval Software";
				TargetAttributes = {
					9B0FA1A61D53C11400763A77 = {
						CreatedOnToolsVersion = 7.3.1;
					};
				};
			};
			buildConfigurationList = 9B0FA1A21D53C11400763A77 /* Build configuration list for PBXProject "arithmetical" */;
			compatibilityVersion = "Xcode 3.2";
			developmentRegion = English;
			hasScannedForEncodings = 0;
			knownRegions = (
				en,
				Base,
			);
			mainGroup = 9B0FA19E1D53C11400763A77;
			productRefGroup = 9B0FA1A81D53C11400763A77 /* Products */;
			projectDirPath = "";
			projectRoot = "";
			targets = (
				9B0FA1A61D53C11400763A77 /* arithmetical */,
			);
		};
/* End PBXProject section */

/* Begin PBXResourcesBuildPhase section */
		9B0FA1A51D53C11400763A77 /* Resources */ = {
			isa = PBXResourcesBuildPhase;
			buildActionMask = 2147483647;
			files = (
				9B0FA1B81D53C11400763A77 /* LaunchScreen.storyboard in Resources */,
				9B0FA1B51D53C11400763A77 /* Assets.xcassets in Resources */,
				9B0FA1B01D53C11400763A77 /* Main.storyboard in Resources */,
			);
			runOnlyForDeploymentPostprocessing = 0;
		};
/* End PBXResourcesBuildPhase section */

/* Begin PBXSourcesBuildPhase section */
		9B0FA1A31D53C11400763A77 /* Sources */ = {
			isa = PBXSourcesBuildPhase;
			buildActionMask = 2147483647;
			files = (
				9B0FA1B31D53C11400763A77 /* arithmetical.xcdatamodeld in Sources */,
				9B0FA1AD1D53C11400763A77 /* ViewController.swift in Sources */,
				9B0FA1AB1D53C11400763A77 /* AppDelegate.swift in Sources */,
			);
			runOnlyForDeploymentPostprocessing = 0;
		};
/* End PBXSourcesBuildPhase section */

/* Begin PBXVariantGroup section */
		9B0FA1AE1D53C11400763A77 /* Main.storyboard */ = {
			isa = PBXVariantGroup;
			children = (
				9B0FA1AF1D53C11400763A77 /* Base */,
			);
			name = Main.storyboard;
			sourceTree = "<group>";
		};
		9B0FA1B61D53C11400763A77 /* LaunchScreen.storyboard */ = {
			isa = PBXVariantGroup;
			children = (
				9B0FA1B71D53C11400763A77 /* Base */,
			);
			name = LaunchScreen.storyboard;
			sourceTree = "<group>";
		};
/* End PBXVariantGroup section */

/* Begin XCBuildConfiguration section */
		9B0FA1BA1D53C11400763A77 /* Debug */ = {
			isa = XCBuildConfiguration;
			buildSettings = {
				ALWAYS_SEARCH_USER_PATHS = NO;
				CLANG_ANALYZER_NONNULL = YES;
				CLANG_CXX_LANGUAGE_STANDARD = "gnu++0x";
				CLANG_CXX_LIBRARY = "libc++";
				CLANG_ENABLE_MODULES = YES;
				CLANG_ENABLE_OBJC_ARC = YES;
				CLANG_WARN_BOOL_CONVERSION = YES;
				CLANG_WARN_CONSTANT_CONVERSION = YES;
				CLANG_WARN_DIRECT_OBJC_ISA_USAGE = YES_ERROR;
				CLANG_WARN_EMPTY_BODY = YES;
				CLANG_WARN_ENUM_CONVERSION = YES;
				CLANG_WARN_INT_CONVERSION = YES;
				CLANG_WARN_OBJC_ROOT_CLASS = YES_ERROR;
				CLANG_WARN_UNREACHABLE_CODE = YES;
				CLANG_WARN__DUPLICATE_METHOD_MATCH = YES;
				"CODE_SIGN_IDENTITY[sdk=iphoneos*]" = "iPhone Developer";
				COPY_PHASE_STRIP = NO;
				DEBUG_INFORMATION_FORMAT = dwarf;
				ENABLE_STRICT_OBJC_MSGSEND = YES;
				ENABLE_TESTABILITY = YES;
				GCC_C_LANGUAGE_STANDARD = gnu99;
				GCC_DYNAMIC_NO_PIC = NO;
				GCC_NO_COMMON_BLOCKS = YES;
				GCC_OPTIMIZATION_LEVEL = 0;
				GCC_PREPROCESSOR_DEFINITIONS = (
					"DEBUG=1",
					"$(inherited)",
				);
				GCC_WARN_64_TO_32_BIT_CONVERSION = YES;
				GCC_WARN_ABOUT_RETURN_TYPE = YES_ERROR;
				GCC_WARN_UNDECLARED_SELECTOR = YES;
				GCC_WARN_UNINITIALIZED_AUTOS = YES_AGGRESSIVE;
				GCC_WARN_UNUSED_FUNCTION = YES;
				GCC_WARN_UNUSED_VARIABLE = YES;
				IPHONEOS_DEPLOYMENT_TARGET = 9.3;
				MTL_ENABLE_DEBUG_INFO = YES;
				ONLY_ACTIVE_ARCH = YES;
				SDKROOT = iphoneos;
				SWIFT_OPTIMIZATION_LEVEL = "-Onone";
			};
			name = Debug;
		};
		9B0FA1BB1D53C11400763A77 /* Release */ = {
			isa = XCBuildConfiguration;
			buildSettings = {
				ALWAYS_SEARCH_USER_PATHS = NO;
				CLANG_ANALYZER_NONNULL = YES;
				CLANG_CXX_LANGUAGE_STANDARD = "gnu++0x";
				CLANG_CXX_LIBRARY = "libc++";
				CLANG_ENABLE_MODULES = YES;
				CLANG_ENABLE_OBJC_ARC = YES;
				CLANG_WARN_BOOL_CONVERSION = YES;
				CLANG_WARN_CONSTANT_CONVERSION = YES;
				CLANG_WARN_DIRECT_OBJC_ISA_USAGE = YES_ERROR;
				CLANG_WARN_EMPTY_BODY = YES;
				CLANG_WARN_ENUM_CONVERSION = YES;
				CLANG_WARN_INT_CONVERSION = YES;
				CLANG_WARN_OBJC_ROOT_CLASS = YES_ERROR;
				CLANG_WARN_UNREACHABLE_CODE = YES;
				CLANG_WARN__DUPLICATE_METHOD_MATCH = YES;
				"CODE_SIGN_IDENTITY[sdk=iphoneos*]" = "iPhone Developer";
				COPY_PHASE_STRIP = NO;
				DEBUG_INFORMATION_FORMAT = "dwarf-with-dsym";
				ENABLE_NS_ASSERTIONS = NO;
				ENABLE_STRICT_OBJC_MSGSEND = YES;
				GCC_C_LANGUAGE_STANDARD = gnu99;
				GCC_NO_COMMON_BLOCKS = YES;
				GCC_WARN_64_TO_32_BIT_CONVERSION = YES;
				GCC_WARN_ABOUT_RETURN_TYPE = YES_ERROR;
				GCC_WARN_UNDECLARED_SELECTOR = YES;
				GCC_WARN_UNINITIALIZED_AUTOS = YES_AGGRESSIVE;
				GCC_WARN_UNUSED_FUNCTION = YES;
				GCC_WARN_UNUSED_VARIABLE = YES;
				IPHONEOS_DEPLOYMENT_TARGET = 9.3;
				MTL_ENABLE_DEBUG_INFO = NO;
				SDKROOT = iphoneos;
				VALIDATE_PRODUCT = YES;
			};
			name = Release;
		};
		9B0FA1BD1D53C11400763A77 /* Debug */ = {
			isa = XCBuildConfiguration;
			buildSettings = {
				ASSETCATALOG_COMPILER_APPICON_NAME = AppIcon;
				INFOPLIST_FILE = arithmetical/Info.plist;
				LD_RUNPATH_SEARCH_PATHS = "$(inherited) @executable_path/Frameworks";
				PRODUCT_BUNDLE_IDENTIFIER = com.sandoval.arithmetical;
				PRODUCT_NAME = "$(TARGET_NAME)";
			};
			name = Debug;
		};
		9B0FA1BE1D53C11400763A77 /* Release */ = {
			isa = XCBuildConfiguration;
			buildSettings = {
				ASSETCATALOG_COMPILER_APPICON_NAME = AppIcon;
				INFOPLIST_FILE = arithmetical/Info.plist;
				LD_RUNPATH_SEARCH_PATHS = "$(inherited) @executable_path/Frameworks";
				PRODUCT_BUNDLE_IDENTIFIER = com.sandoval.arithmetical;
				PRODUCT_NAME = "$(TARGET_NAME)";
			};
			name = Release;
		};
/* End XCBuildConfiguration section */

/* Begin XCConfigurationList section */
		9B0FA1A21D53C11400763A77 /* Build configuration list for PBXProject "arithmetical" */ = {
			isa = XCConfigurationList;
			buildConfigurations = (
				9B0FA1BA1D53C11400763A77 /* Debug */,
				9B0FA1BB1D53C11400763A77 /* Release */,
			);
			defaultConfigurationIsVisible = 0;
			defaultConfigurationName = Release;
		};
		9B0FA1BC1D53C11400763A77 /* Build configuration list for PBXNativeTarget "arithmetical" */ = {
			isa = XCConfigurationList;
			buildConfigurations = (
				9B0FA1BD1D53C11400763A77 /* Debug */,
				9B0FA1BE1D53C11400763A77 /* Release */,
			);
			defaultConfigurationIsVisible = 0;
		};
/* End XCConfigurationList section */

/* Begin XCVersionGroup section */
		9B0FA1B11D53C11400763A77 /* arithmetical.xcdatamodeld */ = {
			isa = XCVersionGroup;
			children = (
				9B0FA1B21D53C11400763A77 /* arithmetical.xcdatamodel */,
			);
			currentVersion = 9B0FA1B21D53C11400763A77 /* arithmetical.xcdatamodel */;
			path = arithmetical.xcdatamodeld;
			sourceTree = "<group>";
			versionGroupType = wrapper.xcdatamodel;
		};
/* End XCVersionGroup section */
	};
	rootObject = 9B0FA19F1D53C11400763A77 /* Project object */;
}
