// !$*UTF8*$!
{
	archiveVersion = 1;
	classes = {
	};
	objectVersion = 46;
	objects = {

/* Begin PBXBuildFile section */
		812C5FFF1D8CD6E7005A6EFD /* TopScoresTableViewCell.swift in Sources */ = {isa = PBXBuildFile; fileRef = 812C5FFE1D8CD6E7005A6EFD /* TopScoresTableViewCell.swift */; };
		81421DA71D710E4D00B6C59F /* ArithmeticGamePreviousQuestionCell.swift in Sources */ = {isa = PBXBuildFile; fileRef = 81421DA61D710E4D00B6C59F /* ArithmeticGamePreviousQuestionCell.swift */; };
		81421DAA1D711A0000B6C59F /* ArithmeticGameEndViewController.swift in Sources */ = {isa = PBXBuildFile; fileRef = 81421DA91D711A0000B6C59F /* ArithmeticGameEndViewController.swift */; };
		81421DAC1D712B1000B6C59F /* Game.swift in Sources */ = {isa = PBXBuildFile; fileRef = 81421DAB1D712B1000B6C59F /* Game.swift */; };
		81421DAE1D71332A00B6C59F /* AnswerGame.swift in Sources */ = {isa = PBXBuildFile; fileRef = 81421DAD1D71332A00B6C59F /* AnswerGame.swift */; };
		818BD12D1D79215E002FD773 /* AnswerGamePreviousQuestionCell.swift in Sources */ = {isa = PBXBuildFile; fileRef = 818BD12C1D79215E002FD773 /* AnswerGamePreviousQuestionCell.swift */; };
		818BD12F1D792590002FD773 /* AnswerGameEndViewController.swift in Sources */ = {isa = PBXBuildFile; fileRef = 818BD12E1D792590002FD773 /* AnswerGameEndViewController.swift */; };
		81DB7CB31D74D7B300729E80 /* AnswerGamePlayViewController.swift in Sources */ = {isa = PBXBuildFile; fileRef = 81DB7CB21D74D7B300729E80 /* AnswerGamePlayViewController.swift */; };
		9B0FA1AB1D53C11400763A77 /* AppDelegate.swift in Sources */ = {isa = PBXBuildFile; fileRef = 9B0FA1AA1D53C11400763A77 /* AppDelegate.swift */; };
		9B0FA1B01D53C11400763A77 /* Main.storyboard in Resources */ = {isa = PBXBuildFile; fileRef = 9B0FA1AE1D53C11400763A77 /* Main.storyboard */; };
		9B0FA1B31D53C11400763A77 /* arithmetical.xcdatamodeld in Sources */ = {isa = PBXBuildFile; fileRef = 9B0FA1B11D53C11400763A77 /* arithmetical.xcdatamodeld */; };
		9B0FA1B51D53C11400763A77 /* Assets.xcassets in Resources */ = {isa = PBXBuildFile; fileRef = 9B0FA1B41D53C11400763A77 /* Assets.xcassets */; };
		9B0FA1B81D53C11400763A77 /* LaunchScreen.storyboard in Resources */ = {isa = PBXBuildFile; fileRef = 9B0FA1B61D53C11400763A77 /* LaunchScreen.storyboard */; };
		9B0FA1C61D53CFC900763A77 /* SanFranciscoText-Bold.otf in Resources */ = {isa = PBXBuildFile; fileRef = 9B0FA1C01D53CF2700763A77 /* SanFranciscoText-Bold.otf */; };
		9B0FA1C71D53CFC900763A77 /* SanFranciscoText-Heavy.otf in Resources */ = {isa = PBXBuildFile; fileRef = 9B0FA1C11D53CF2700763A77 /* SanFranciscoText-Heavy.otf */; };
		9B0FA1C81D53CFC900763A77 /* SanFranciscoText-Light.otf in Resources */ = {isa = PBXBuildFile; fileRef = 9B0FA1C21D53CF2700763A77 /* SanFranciscoText-Light.otf */; };
		9B0FA1C91D53CFC900763A77 /* SanFranciscoText-Medium.otf in Resources */ = {isa = PBXBuildFile; fileRef = 9B0FA1C31D53CF2700763A77 /* SanFranciscoText-Medium.otf */; };
		9B0FA1CA1D53CFC900763A77 /* SanFranciscoText-Regular.otf in Resources */ = {isa = PBXBuildFile; fileRef = 9B0FA1C41D53CF2700763A77 /* SanFranciscoText-Regular.otf */; };
		9B0FA1CB1D53CFC900763A77 /* SanFranciscoText-Semibold.otf in Resources */ = {isa = PBXBuildFile; fileRef = 9B0FA1C51D53CF2700763A77 /* SanFranciscoText-Semibold.otf */; };
		9B0FA1CD1D53D1DB00763A77 /* PlayViewController.swift in Sources */ = {isa = PBXBuildFile; fileRef = 9B0FA1CC1D53D1DB00763A77 /* PlayViewController.swift */; };
		9B0FA1D01D53D51500763A77 /* MainViewController.swift in Sources */ = {isa = PBXBuildFile; fileRef = 9B0FA1CF1D53D51500763A77 /* MainViewController.swift */; };
		9B0FA1D21D53D54200763A77 /* StatsViewController.swift in Sources */ = {isa = PBXBuildFile; fileRef = 9B0FA1D11D53D54200763A77 /* StatsViewController.swift */; };
		9B0FA1D41D53D54C00763A77 /* SettingsViewController.swift in Sources */ = {isa = PBXBuildFile; fileRef = 9B0FA1D31D53D54C00763A77 /* SettingsViewController.swift */; };
		9B0FA1D71D53D5FE00763A77 /* GameTableViewCell.swift in Sources */ = {isa = PBXBuildFile; fileRef = 9B0FA1D61D53D5FE00763A77 /* GameTableViewCell.swift */; };
		9B0FA1DA1D53DA9200763A77 /* ArithmeticOptionsViewController.swift in Sources */ = {isa = PBXBuildFile; fileRef = 9B0FA1D91D53DA9200763A77 /* ArithmeticOptionsViewController.swift */; };
		9B0FA1DC1D53E5DE00763A77 /* ArithmeticGame.swift in Sources */ = {isa = PBXBuildFile; fileRef = 9B0FA1DB1D53E5DE00763A77 /* ArithmeticGame.swift */; };
		9B0FA1DE1D53E78800763A77 /* Games.swift in Sources */ = {isa = PBXBuildFile; fileRef = 9B0FA1DD1D53E78800763A77 /* Games.swift */; };
		9B0FA1E11D53F0AE00763A77 /* ArithmeticGamePlayViewController.swift in Sources */ = {isa = PBXBuildFile; fileRef = 9B0FA1E01D53F0AE00763A77 /* ArithmeticGamePlayViewController.swift */; };
/* End PBXBuildFile section */

/* Begin PBXFileReference section */
		812C5FFE1D8CD6E7005A6EFD /* TopScoresTableViewCell.swift */ = {isa = PBXFileReference; fileEncoding = 4; lastKnownFileType = sourcecode.swift; path = TopScoresTableViewCell.swift; sourceTree = "<group>"; };
		81421DA61D710E4D00B6C59F /* ArithmeticGamePreviousQuestionCell.swift */ = {isa = PBXFileReference; fileEncoding = 4; lastKnownFileType = sourcecode.swift; path = ArithmeticGamePreviousQuestionCell.swift; sourceTree = "<group>"; };
		81421DA91D711A0000B6C59F /* ArithmeticGameEndViewController.swift */ = {isa = PBXFileReference; fileEncoding = 4; lastKnownFileType = sourcecode.swift; path = ArithmeticGameEndViewController.swift; sourceTree = "<group>"; };
		81421DAB1D712B1000B6C59F /* Game.swift */ = {isa = PBXFileReference; fileEncoding = 4; lastKnownFileType = sourcecode.swift; path = Game.swift; sourceTree = "<group>"; };
		81421DAD1D71332A00B6C59F /* AnswerGame.swift */ = {isa = PBXFileReference; fileEncoding = 4; lastKnownFileType = sourcecode.swift; path = AnswerGame.swift; sourceTree = "<group>"; };
		818BD12C1D79215E002FD773 /* AnswerGamePreviousQuestionCell.swift */ = {isa = PBXFileReference; fileEncoding = 4; lastKnownFileType = sourcecode.swift; path = AnswerGamePreviousQuestionCell.swift; sourceTree = "<group>"; };
		818BD12E1D792590002FD773 /* AnswerGameEndViewController.swift */ = {isa = PBXFileReference; fileEncoding = 4; lastKnownFileType = sourcecode.swift; path = AnswerGameEndViewController.swift; sourceTree = "<group>"; };
		81DB7CB21D74D7B300729E80 /* AnswerGamePlayViewController.swift */ = {isa = PBXFileReference; fileEncoding = 4; lastKnownFileType = sourcecode.swift; path = AnswerGamePlayViewController.swift; sourceTree = "<group>"; };
		9B0FA1A71D53C11400763A77 /* arithmetical.app */ = {isa = PBXFileReference; explicitFileType = wrapper.application; includeInIndex = 0; path = arithmetical.app; sourceTree = BUILT_PRODUCTS_DIR; };
		9B0FA1AA1D53C11400763A77 /* AppDelegate.swift */ = {isa = PBXFileReference; lastKnownFileType = sourcecode.swift; path = AppDelegate.swift; sourceTree = "<group>"; };
		9B0FA1AF1D53C11400763A77 /* Base */ = {isa = PBXFileReference; lastKnownFileType = file.storyboard; name = Base; path = Base.lproj/Main.storyboard; sourceTree = "<group>"; };
		9B0FA1B21D53C11400763A77 /* arithmetical.xcdatamodel */ = {isa = PBXFileReference; lastKnownFileType = wrapper.xcdatamodel; path = arithmetical.xcdatamodel; sourceTree = "<group>"; };
		9B0FA1B41D53C11400763A77 /* Assets.xcassets */ = {isa = PBXFileReference; lastKnownFileType = folder.assetcatalog; path = Assets.xcassets; sourceTree = "<group>"; };
		9B0FA1B71D53C11400763A77 /* Base */ = {isa = PBXFileReference; lastKnownFileType = file.storyboard; name = Base; path = Base.lproj/LaunchScreen.storyboard; sourceTree = "<group>"; };
		9B0FA1B91D53C11400763A77 /* Info.plist */ = {isa = PBXFileReference; lastKnownFileType = text.plist.xml; path = Info.plist; sourceTree = "<group>"; };
		9B0FA1C01D53CF2700763A77 /* SanFranciscoText-Bold.otf */ = {isa = PBXFileReference; lastKnownFileType = file; path = "SanFranciscoText-Bold.otf"; sourceTree = "<group>"; };
		9B0FA1C11D53CF2700763A77 /* SanFranciscoText-Heavy.otf */ = {isa = PBXFileReference; lastKnownFileType = file; path = "SanFranciscoText-Heavy.otf"; sourceTree = "<group>"; };
		9B0FA1C21D53CF2700763A77 /* SanFranciscoText-Light.otf */ = {isa = PBXFileReference; lastKnownFileType = file; path = "SanFranciscoText-Light.otf"; sourceTree = "<group>"; };
		9B0FA1C31D53CF2700763A77 /* SanFranciscoText-Medium.otf */ = {isa = PBXFileReference; lastKnownFileType = file; path = "SanFranciscoText-Medium.otf"; sourceTree = "<group>"; };
		9B0FA1C41D53CF2700763A77 /* SanFranciscoText-Regular.otf */ = {isa = PBXFileReference; lastKnownFileType = file; path = "SanFranciscoText-Regular.otf"; sourceTree = "<group>"; };
		9B0FA1C51D53CF2700763A77 /* SanFranciscoText-Semibold.otf */ = {isa = PBXFileReference; lastKnownFileType = file; path = "SanFranciscoText-Semibold.otf"; sourceTree = "<group>"; };
		9B0FA1CC1D53D1DB00763A77 /* PlayViewController.swift */ = {isa = PBXFileReference; fileEncoding = 4; lastKnownFileType = sourcecode.swift; path = PlayViewController.swift; sourceTree = "<group>"; };
		9B0FA1CF1D53D51500763A77 /* MainViewController.swift */ = {isa = PBXFileReference; fileEncoding = 4; lastKnownFileType = sourcecode.swift; path = MainViewController.swift; sourceTree = "<group>"; };
		9B0FA1D11D53D54200763A77 /* StatsViewController.swift */ = {isa = PBXFileReference; fileEncoding = 4; lastKnownFileType = sourcecode.swift; path = StatsViewController.swift; sourceTree = "<group>"; };
		9B0FA1D31D53D54C00763A77 /* SettingsViewController.swift */ = {isa = PBXFileReference; fileEncoding = 4; lastKnownFileType = sourcecode.swift; path = SettingsViewController.swift; sourceTree = "<group>"; };
		9B0FA1D61D53D5FE00763A77 /* GameTableViewCell.swift */ = {isa = PBXFileReference; fileEncoding = 4; lastKnownFileType = sourcecode.swift; path = GameTableViewCell.swift; sourceTree = "<group>"; };
		9B0FA1D91D53DA9200763A77 /* ArithmeticOptionsViewController.swift */ = {isa = PBXFileReference; fileEncoding = 4; lastKnownFileType = sourcecode.swift; path = ArithmeticOptionsViewController.swift; sourceTree = "<group>"; };
		9B0FA1DB1D53E5DE00763A77 /* ArithmeticGame.swift */ = {isa = PBXFileReference; fileEncoding = 4; lastKnownFileType = sourcecode.swift; path = ArithmeticGame.swift; sourceTree = "<group>"; };
		9B0FA1DD1D53E78800763A77 /* Games.swift */ = {isa = PBXFileReference; fileEncoding = 4; lastKnownFileType = sourcecode.swift; path = Games.swift; sourceTree = "<group>"; };
		9B0FA1E01D53F0AE00763A77 /* ArithmeticGamePlayViewController.swift */ = {isa = PBXFileReference; fileEncoding = 4; lastKnownFileType = sourcecode.swift; path = ArithmeticGamePlayViewController.swift; sourceTree = "<group>"; };
/* End PBXFileReference section */

/* Begin PBXFrameworksBuildPhase section */
		9B0FA1A41D53C11400763A77 /* Frameworks */ = {
			isa = PBXFrameworksBuildPhase;
			buildActionMask = 2147483647;
			files = (
			);
			runOnlyForDeploymentPostprocessing = 0;
		};
/* End PBXFrameworksBuildPhase section */

/* Begin PBXGroup section */
		81421DA81D710E5C00B6C59F /* Data Models */ = {
			isa = PBXGroup;
			children = (
				9B0FA1DD1D53E78800763A77 /* Games.swift */,
				81421DAB1D712B1000B6C59F /* Game.swift */,
				9B0FA1DB1D53E5DE00763A77 /* ArithmeticGame.swift */,
				81421DAD1D71332A00B6C59F /* AnswerGame.swift */,
			);
			name = "Data Models";
			sourceTree = "<group>";
		};
		9B0FA19E1D53C11400763A77 = {
			isa = PBXGroup;
			children = (
				9B0FA1A91D53C11400763A77 /* arithmetical */,
				9B0FA1A81D53C11400763A77 /* Products */,
			);
			sourceTree = "<group>";
		};
		9B0FA1A81D53C11400763A77 /* Products */ = {
			isa = PBXGroup;
			children = (
				9B0FA1A71D53C11400763A77 /* arithmetical.app */,
			);
			name = Products;
			sourceTree = "<group>";
		};
		9B0FA1A91D53C11400763A77 /* arithmetical */ = {
			isa = PBXGroup;
			children = (
				81421DA81D710E5C00B6C59F /* Data Models */,
				9B0FA1CE1D53D4E700763A77 /* Main Options */,
				9B0FA1D51D53D5DE00763A77 /* Views */,
				9B0FA1DF1D53F09200763A77 /* Game Play */,
				9B0FA1AA1D53C11400763A77 /* AppDelegate.swift */,
				9B0FA1BF1D53CF0500763A77 /* Resources */,
				9B0FA1AE1D53C11400763A77 /* Main.storyboard */,
				9B0FA1B61D53C11400763A77 /* LaunchScreen.storyboard */,
				9B0FA1B41D53C11400763A77 /* Assets.xcassets */,
				9B0FA1B91D53C11400763A77 /* Info.plist */,
				9B0FA1B11D53C11400763A77 /* arithmetical.xcdatamodeld */,
			);
			path = arithmetical;
			sourceTree = "<group>";
		};
		9B0FA1BF1D53CF0500763A77 /* Resources */ = {
			isa = PBXGroup;
			children = (
				9B0FA1C01D53CF2700763A77 /* SanFranciscoText-Bold.otf */,
				9B0FA1C11D53CF2700763A77 /* SanFranciscoText-Heavy.otf */,
				9B0FA1C21D53CF2700763A77 /* SanFranciscoText-Light.otf */,
				9B0FA1C31D53CF2700763A77 /* SanFranciscoText-Medium.otf */,
				9B0FA1C41D53CF2700763A77 /* SanFranciscoText-Regular.otf */,
				9B0FA1C51D53CF2700763A77 /* SanFranciscoText-Semibold.otf */,
			);
			name = Resources;
			sourceTree = "<group>";
		};
		9B0FA1CE1D53D4E700763A77 /* Main Options */ = {
			isa = PBXGroup;
			children = (
				9B0FA1CF1D53D51500763A77 /* MainViewController.swift */,
				9B0FA1CC1D53D1DB00763A77 /* PlayViewController.swift */,
				9B0FA1D11D53D54200763A77 /* StatsViewController.swift */,
				9B0FA1D31D53D54C00763A77 /* SettingsViewController.swift */,
				9B0FA1D81D53DA7100763A77 /* Game Options */,
			);
			name = "Main Options";
			sourceTree = "<group>";
		};
		9B0FA1D51D53D5DE00763A77 /* Views */ = {
			isa = PBXGroup;
			children = (
				9B0FA1D61D53D5FE00763A77 /* GameTableViewCell.swift */,
				81421DA61D710E4D00B6C59F /* ArithmeticGamePreviousQuestionCell.swift */,
				818BD12C1D79215E002FD773 /* AnswerGamePreviousQuestionCell.swift */,
				812C5FFE1D8CD6E7005A6EFD /* TopScoresTableViewCell.swift */,
			);
			name = Views;
			sourceTree = "<group>";
		};
		9B0FA1D81D53DA7100763A77 /* Game Options */ = {
			isa = PBXGroup;
			children = (
				9B0FA1D91D53DA9200763A77 /* ArithmeticOptionsViewController.swift */,
			);
			name = "Game Options";
			sourceTree = "<group>";
		};
		9B0FA1DF1D53F09200763A77 /* Game Play */ = {
			isa = PBXGroup;
			children = (
				9B0FA1E01D53F0AE00763A77 /* ArithmeticGamePlayViewController.swift */,
				81421DA91D711A0000B6C59F /* ArithmeticGameEndViewController.swift */,
				81DB7CB21D74D7B300729E80 /* AnswerGamePlayViewController.swift */,
				818BD12E1D792590002FD773 /* AnswerGameEndViewController.swift */,
			);
			name = "Game Play";
			sourceTree = "<group>";
		};
/* End PBXGroup section */

/* Begin PBXNativeTarget section */
		9B0FA1A61D53C11400763A77 /* arithmetical */ = {
			isa = PBXNativeTarget;
			buildConfigurationList = 9B0FA1BC1D53C11400763A77 /* Build configuration list for PBXNativeTarget "arithmetical" */;
			buildPhases = (
				9B0FA1A31D53C11400763A77 /* Sources */,
				9B0FA1A41D53C11400763A77 /* Frameworks */,
				9B0FA1A51D53C11400763A77 /* Resources */,
			);
			buildRules = (
			);
			dependencies = (
			);
			name = arithmetical;
			productName = arithmetical;
			productReference = 9B0FA1A71D53C11400763A77 /* arithmetical.app */;
			productType = "com.apple.product-type.application";
		};
/* End PBXNativeTarget section */

/* Begin PBXProject section */
		9B0FA19F1D53C11400763A77 /* Project object */ = {
			isa = PBXProject;
			attributes = {
				LastSwiftUpdateCheck = 0730;
				LastUpgradeCheck = 0730;
				ORGANIZATIONNAME = "Sandoval Software";
				TargetAttributes = {
					9B0FA1A61D53C11400763A77 = {
						CreatedOnToolsVersion = 7.3.1;
						DevelopmentTeam = 5HLDUZFLDY;
						LastSwiftMigration = 0800;
					};
				};
			};
			buildConfigurationList = 9B0FA1A21D53C11400763A77 /* Build configuration list for PBXProject "arithmetical" */;
			compatibilityVersion = "Xcode 3.2";
			developmentRegion = English;
			hasScannedForEncodings = 0;
			knownRegions = (
				en,
				Base,
			);
			mainGroup = 9B0FA19E1D53C11400763A77;
			productRefGroup = 9B0FA1A81D53C11400763A77 /* Products */;
			projectDirPath = "";
			projectRoot = "";
			targets = (
				9B0FA1A61D53C11400763A77 /* arithmetical */,
			);
		};
/* End PBXProject section */

/* Begin PBXResourcesBuildPhase section */
		9B0FA1A51D53C11400763A77 /* Resources */ = {
			isa = PBXResourcesBuildPhase;
			buildActionMask = 2147483647;
			files = (
				9B0FA1C61D53CFC900763A77 /* SanFranciscoText-Bold.otf in Resources */,
				9B0FA1C71D53CFC900763A77 /* SanFranciscoText-Heavy.otf in Resources */,
				9B0FA1C81D53CFC900763A77 /* SanFranciscoText-Light.otf in Resources */,
				9B0FA1C91D53CFC900763A77 /* SanFranciscoText-Medium.otf in Resources */,
				9B0FA1CA1D53CFC900763A77 /* SanFranciscoText-Regular.otf in Resources */,
				9B0FA1CB1D53CFC900763A77 /* SanFranciscoText-Semibold.otf in Resources */,
				9B0FA1B81D53C11400763A77 /* LaunchScreen.storyboard in Resources */,
				9B0FA1B51D53C11400763A77 /* Assets.xcassets in Resources */,
				9B0FA1B01D53C11400763A77 /* Main.storyboard in Resources */,
			);
			runOnlyForDeploymentPostprocessing = 0;
		};
/* End PBXResourcesBuildPhase section */

/* Begin PBXSourcesBuildPhase section */
		9B0FA1A31D53C11400763A77 /* Sources */ = {
			isa = PBXSourcesBuildPhase;
			buildActionMask = 2147483647;
			files = (
				9B0FA1D71D53D5FE00763A77 /* GameTableViewCell.swift in Sources */,
				9B0FA1DC1D53E5DE00763A77 /* ArithmeticGame.swift in Sources */,
				81421DAE1D71332A00B6C59F /* AnswerGame.swift in Sources */,
				9B0FA1CD1D53D1DB00763A77 /* PlayViewController.swift in Sources */,
				9B0FA1DE1D53E78800763A77 /* Games.swift in Sources */,
				9B0FA1B31D53C11400763A77 /* arithmetical.xcdatamodeld in Sources */,
				9B0FA1E11D53F0AE00763A77 /* ArithmeticGamePlayViewController.swift in Sources */,
				818BD12D1D79215E002FD773 /* AnswerGamePreviousQuestionCell.swift in Sources */,
				818BD12F1D792590002FD773 /* AnswerGameEndViewController.swift in Sources */,
				81421DAA1D711A0000B6C59F /* ArithmeticGameEndViewController.swift in Sources */,
				9B0FA1AB1D53C11400763A77 /* AppDelegate.swift in Sources */,
				9B0FA1D21D53D54200763A77 /* StatsViewController.swift in Sources */,
				81421DAC1D712B1000B6C59F /* Game.swift in Sources */,
				9B0FA1DA1D53DA9200763A77 /* ArithmeticOptionsViewController.swift in Sources */,
				812C5FFF1D8CD6E7005A6EFD /* TopScoresTableViewCell.swift in Sources */,
				81DB7CB31D74D7B300729E80 /* AnswerGamePlayViewController.swift in Sources */,
				9B0FA1D01D53D51500763A77 /* MainViewController.swift in Sources */,
				81421DA71D710E4D00B6C59F /* ArithmeticGamePreviousQuestionCell.swift in Sources */,
				9B0FA1D41D53D54C00763A77 /* SettingsViewController.swift in Sources */,
			);
			runOnlyForDeploymentPostprocessing = 0;
		};
/* End PBXSourcesBuildPhase section */

/* Begin PBXVariantGroup section */
		9B0FA1AE1D53C11400763A77 /* Main.storyboard */ = {
			isa = PBXVariantGroup;
			children = (
				9B0FA1AF1D53C11400763A77 /* Base */,
			);
			name = Main.storyboard;
			sourceTree = "<group>";
		};
		9B0FA1B61D53C11400763A77 /* LaunchScreen.storyboard */ = {
			isa = PBXVariantGroup;
			children = (
				9B0FA1B71D53C11400763A77 /* Base */,
			);
			name = LaunchScreen.storyboard;
			sourceTree = "<group>";
		};
/* End PBXVariantGroup section */

/* Begin XCBuildConfiguration section */
		9B0FA1BA1D53C11400763A77 /* Debug */ = {
			isa = XCBuildConfiguration;
			buildSettings = {
				ALWAYS_SEARCH_USER_PATHS = NO;
				CLANG_ANALYZER_NONNULL = YES;
				CLANG_CXX_LANGUAGE_STANDARD = "gnu++0x";
				CLANG_CXX_LIBRARY = "libc++";
				CLANG_ENABLE_MODULES = YES;
				CLANG_ENABLE_OBJC_ARC = YES;
				CLANG_WARN_BOOL_CONVERSION = YES;
				CLANG_WARN_CONSTANT_CONVERSION = YES;
				CLANG_WARN_DIRECT_OBJC_ISA_USAGE = YES_ERROR;
				CLANG_WARN_EMPTY_BODY = YES;
				CLANG_WARN_ENUM_CONVERSION = YES;
				CLANG_WARN_INT_CONVERSION = YES;
				CLANG_WARN_OBJC_ROOT_CLASS = YES_ERROR;
				CLANG_WARN_UNREACHABLE_CODE = YES;
				CLANG_WARN__DUPLICATE_METHOD_MATCH = YES;
				"CODE_SIGN_IDENTITY[sdk=iphoneos*]" = "iPhone Developer";
				COPY_PHASE_STRIP = NO;
				DEBUG_INFORMATION_FORMAT = dwarf;
				ENABLE_STRICT_OBJC_MSGSEND = YES;
				ENABLE_TESTABILITY = YES;
				GCC_C_LANGUAGE_STANDARD = gnu99;
				GCC_DYNAMIC_NO_PIC = NO;
				GCC_NO_COMMON_BLOCKS = YES;
				GCC_OPTIMIZATION_LEVEL = 0;
				GCC_PREPROCESSOR_DEFINITIONS = (
					"DEBUG=1",
					"$(inherited)",
				);
				GCC_WARN_64_TO_32_BIT_CONVERSION = YES;
				GCC_WARN_ABOUT_RETURN_TYPE = YES_ERROR;
				GCC_WARN_UNDECLARED_SELECTOR = YES;
				GCC_WARN_UNINITIALIZED_AUTOS = YES_AGGRESSIVE;
				GCC_WARN_UNUSED_FUNCTION = YES;
				GCC_WARN_UNUSED_VARIABLE = YES;
				IPHONEOS_DEPLOYMENT_TARGET = 9.3;
				MTL_ENABLE_DEBUG_INFO = YES;
				ONLY_ACTIVE_ARCH = YES;
				SDKROOT = iphoneos;
				SWIFT_OPTIMIZATION_LEVEL = "-Onone";
			};
			name = Debug;
		};
		9B0FA1BB1D53C11400763A77 /* Release */ = {
			isa = XCBuildConfiguration;
			buildSettings = {
				ALWAYS_SEARCH_USER_PATHS = NO;
				CLANG_ANALYZER_NONNULL = YES;
				CLANG_CXX_LANGUAGE_STANDARD = "gnu++0x";
				CLANG_CXX_LIBRARY = "libc++";
				CLANG_ENABLE_MODULES = YES;
				CLANG_ENABLE_OBJC_ARC = YES;
				CLANG_WARN_BOOL_CONVERSION = YES;
				CLANG_WARN_CONSTANT_CONVERSION = YES;
				CLANG_WARN_DIRECT_OBJC_ISA_USAGE = YES_ERROR;
				CLANG_WARN_EMPTY_BODY = YES;
				CLANG_WARN_ENUM_CONVERSION = YES;
				CLANG_WARN_INT_CONVERSION = YES;
				CLANG_WARN_OBJC_ROOT_CLASS = YES_ERROR;
				CLANG_WARN_UNREACHABLE_CODE = YES;
				CLANG_WARN__DUPLICATE_METHOD_MATCH = YES;
				"CODE_SIGN_IDENTITY[sdk=iphoneos*]" = "iPhone Developer";
				COPY_PHASE_STRIP = NO;
				DEBUG_INFORMATION_FORMAT = "dwarf-with-dsym";
				ENABLE_NS_ASSERTIONS = NO;
				ENABLE_STRICT_OBJC_MSGSEND = YES;
				GCC_C_LANGUAGE_STANDARD = gnu99;
				GCC_NO_COMMON_BLOCKS = YES;
				GCC_WARN_64_TO_32_BIT_CONVERSION = YES;
				GCC_WARN_ABOUT_RETURN_TYPE = YES_ERROR;
				GCC_WARN_UNDECLARED_SELECTOR = YES;
				GCC_WARN_UNINITIALIZED_AUTOS = YES_AGGRESSIVE;
				GCC_WARN_UNUSED_FUNCTION = YES;
				GCC_WARN_UNUSED_VARIABLE = YES;
				IPHONEOS_DEPLOYMENT_TARGET = 9.3;
				MTL_ENABLE_DEBUG_INFO = NO;
				SDKROOT = iphoneos;
				VALIDATE_PRODUCT = YES;
			};
			name = Release;
		};
		9B0FA1BD1D53C11400763A77 /* Debug */ = {
			isa = XCBuildConfiguration;
			buildSettings = {
				ASSETCATALOG_COMPILER_APPICON_NAME = AppIcon;
				CODE_SIGN_IDENTITY = "iPhone Developer";
				"CODE_SIGN_IDENTITY[sdk=iphoneos*]" = "iPhone Developer";
				INFOPLIST_FILE = arithmetical/Info.plist;
				LD_RUNPATH_SEARCH_PATHS = "$(inherited) @executable_path/Frameworks";
				PRODUCT_BUNDLE_IDENTIFIER = com.sandoval.arithmetical;
				PRODUCT_NAME = "$(TARGET_NAME)";
				PROVISIONING_PROFILE = "";
				SWIFT_VERSION = 3.0;
			};
			name = Debug;
		};
		9B0FA1BE1D53C11400763A77 /* Release */ = {
			isa = XCBuildConfiguration;
			buildSettings = {
				ASSETCATALOG_COMPILER_APPICON_NAME = AppIcon;
				CODE_SIGN_IDENTITY = "iPhone Developer";
				"CODE_SIGN_IDENTITY[sdk=iphoneos*]" = "iPhone Developer";
				INFOPLIST_FILE = arithmetical/Info.plist;
				LD_RUNPATH_SEARCH_PATHS = "$(inherited) @executable_path/Frameworks";
				PRODUCT_BUNDLE_IDENTIFIER = com.sandoval.arithmetical;
				PRODUCT_NAME = "$(TARGET_NAME)";
				PROVISIONING_PROFILE = "";
				SWIFT_VERSION = 3.0;
			};
			name = Release;
		};
/* End XCBuildConfiguration section */

/* Begin XCConfigurationList section */
		9B0FA1A21D53C11400763A77 /* Build configuration list for PBXProject "arithmetical" */ = {
			isa = XCConfigurationList;
			buildConfigurations = (
				9B0FA1BA1D53C11400763A77 /* Debug */,
				9B0FA1BB1D53C11400763A77 /* Release */,
			);
			defaultConfigurationIsVisible = 0;
			defaultConfigurationName = Release;
		};
		9B0FA1BC1D53C11400763A77 /* Build configuration list for PBXNativeTarget "arithmetical" */ = {
			isa = XCConfigurationList;
			buildConfigurations = (
				9B0FA1BD1D53C11400763A77 /* Debug */,
				9B0FA1BE1D53C11400763A77 /* Release */,
			);
			defaultConfigurationIsVisible = 0;
			defaultConfigurationName = Release;
		};
/* End XCConfigurationList section */

/* Begin XCVersionGroup section */
		9B0FA1B11D53C11400763A77 /* arithmetical.xcdatamodeld */ = {
			isa = XCVersionGroup;
			children = (
				9B0FA1B21D53C11400763A77 /* arithmetical.xcdatamodel */,
			);
			currentVersion = 9B0FA1B21D53C11400763A77 /* arithmetical.xcdatamodel */;
			path = arithmetical.xcdatamodeld;
			sourceTree = "<group>";
			versionGroupType = wrapper.xcdatamodel;
		};
/* End XCVersionGroup section */
	};
	rootObject = 9B0FA19F1D53C11400763A77 /* Project object */;
}
